
Microsoft Visual Studio Solution File, Format Version 12.00
# Visual Studio Version 16
VisualStudioVersion = 16.0.30523.141
MinimumVisualStudioVersion = 10.0.40219.1
Project("{FAE04EC0-301F-11D3-BF4B-00C04F79EFBC}") = "CAIEJR39.A.L.D", "CAIEJR39.A.L.D.csproj", "{34848B6D-0951-4C83-B477-242F7A53DDB8}"
EndProject
Global
	GlobalSection(SolutionConfigurationPlatforms) = preSolution
		Debug|Any CPU = Debug|Any CPU
		Release|Any CPU = Release|Any CPU
	EndGlobalSection
	GlobalSection(ProjectConfigurationPlatforms) = postSolution
		{34848B6D-0951-4C83-B477-242F7A53DDB8}.Debug|Any CPU.ActiveCfg = Debug|Any CPU
		{34848B6D-0951-4C83-B477-242F7A53DDB8}.Debug|Any CPU.Build.0 = Debug|Any CPU
		{34848B6D-0951-4C83-B477-242F7A53DDB8}.Release|Any CPU.ActiveCfg = Release|Any CPU
		{34848B6D-0951-4C83-B477-242F7A53DDB8}.Release|Any CPU.Build.0 = Release|Any CPU
	EndGlobalSection
	GlobalSection(SolutionProperties) = preSolution
		HideSolutionNode = FALSE
	EndGlobalSection
	GlobalSection(ExtensibilityGlobals) = postSolution
		SolutionGuid = {5E3D8A3A-C8F8-4FB5-BAF4-FB7415D1D1C1}
	EndGlobalSection
EndGlobal
