
Microsoft Visual Studio Solution File, Format Version 12.00
# Visual Studio Version 16
VisualStudioVersion = 16.0.30523.141
MinimumVisualStudioVersion = 10.0.40219.1
Project("{FAE04EC0-301F-11D3-BF4B-00C04F79EFBC}") = "CAIEJR40.A.L.D", "CAIEJR40.A.L.D.csproj", "{96044E86-74CF-4E12-9CBA-D4152973C136}"
EndProject
Global
	GlobalSection(SolutionConfigurationPlatforms) = preSolution
		Debug|Any CPU = Debug|Any CPU
		Release|Any CPU = Release|Any CPU
	EndGlobalSection
	GlobalSection(ProjectConfigurationPlatforms) = postSolution
		{96044E86-74CF-4E12-9CBA-D4152973C136}.Debug|Any CPU.ActiveCfg = Debug|Any CPU
		{96044E86-74CF-4E12-9CBA-D4152973C136}.Debug|Any CPU.Build.0 = Debug|Any CPU
		{96044E86-74CF-4E12-9CBA-D4152973C136}.Release|Any CPU.ActiveCfg = Release|Any CPU
		{96044E86-74CF-4E12-9CBA-D4152973C136}.Release|Any CPU.Build.0 = Release|Any CPU
	EndGlobalSection
	GlobalSection(SolutionProperties) = preSolution
		HideSolutionNode = FALSE
	EndGlobalSection
	GlobalSection(ExtensibilityGlobals) = postSolution
		SolutionGuid = {E590C15C-ABA0-43CB-A8D1-9511AE189CB1}
	EndGlobalSection
EndGlobal
